
Microsoft Visual Studio Solution File, Format Version 12.00
# Visual Studio 15
VisualStudioVersion = 15.0.27004.2002
MinimumVisualStudioVersion = 10.0.40219.1
Project("{FAE04EC0-301F-11D3-BF4B-00C04F79EFBC}") = "BE", "BE\BE.csproj", "{C29A21FC-7D8D-43A3-B77F-8B3B59FADC2B}"
EndProject
Project("{FAE04EC0-301F-11D3-BF4B-00C04F79EFBC}") = "DAL", "DAL\DAL.csproj", "{17B93B70-9DB5-47A8-86DC-56029D496062}"
EndProject
Project("{FAE04EC0-301F-11D3-BF4B-00C04F79EFBC}") = "BL", "BL\BL.csproj", "{086C0869-F628-41A9-92B0-94D7D14F47C2}"
EndProject
Project("{FAE04EC0-301F-11D3-BF4B-00C04F79EFBC}") = "DS", "DS\DS.csproj", "{839D6F9C-8307-41EE-8E49-DD56BB069902}"
EndProject
Project("{FAE04EC0-301F-11D3-BF4B-00C04F79EFBC}") = "PL", "UI\PL.csproj", "{C08339E9-EBD8-4679-AE50-BF8DD6CECD4D}"
EndProject
Project("{FAE04EC0-301F-11D3-BF4B-00C04F79EFBC}") = "PLWPF", "PLWPF\PLWPF.csproj", "{1C997384-8EBE-4D92-9013-EB85723A4F4A}"
EndProject
Global
	GlobalSection(SolutionConfigurationPlatforms) = preSolution
		Debug|Any CPU = Debug|Any CPU
		Release|Any CPU = Release|Any CPU
	EndGlobalSection
	GlobalSection(ProjectConfigurationPlatforms) = postSolution
		{C29A21FC-7D8D-43A3-B77F-8B3B59FADC2B}.Debug|Any CPU.ActiveCfg = Debug|Any CPU
		{C29A21FC-7D8D-43A3-B77F-8B3B59FADC2B}.Debug|Any CPU.Build.0 = Debug|Any CPU
		{C29A21FC-7D8D-43A3-B77F-8B3B59FADC2B}.Release|Any CPU.ActiveCfg = Release|Any CPU
		{C29A21FC-7D8D-43A3-B77F-8B3B59FADC2B}.Release|Any CPU.Build.0 = Release|Any CPU
		{17B93B70-9DB5-47A8-86DC-56029D496062}.Debug|Any CPU.ActiveCfg = Debug|Any CPU
		{17B93B70-9DB5-47A8-86DC-56029D496062}.Debug|Any CPU.Build.0 = Debug|Any CPU
		{17B93B70-9DB5-47A8-86DC-56029D496062}.Release|Any CPU.ActiveCfg = Release|Any CPU
		{17B93B70-9DB5-47A8-86DC-56029D496062}.Release|Any CPU.Build.0 = Release|Any CPU
		{086C0869-F628-41A9-92B0-94D7D14F47C2}.Debug|Any CPU.ActiveCfg = Debug|Any CPU
		{086C0869-F628-41A9-92B0-94D7D14F47C2}.Debug|Any CPU.Build.0 = Debug|Any CPU
		{086C0869-F628-41A9-92B0-94D7D14F47C2}.Release|Any CPU.ActiveCfg = Release|Any CPU
		{086C0869-F628-41A9-92B0-94D7D14F47C2}.Release|Any CPU.Build.0 = Release|Any CPU
		{839D6F9C-8307-41EE-8E49-DD56BB069902}.Debug|Any CPU.ActiveCfg = Debug|Any CPU
		{839D6F9C-8307-41EE-8E49-DD56BB069902}.Debug|Any CPU.Build.0 = Debug|Any CPU
		{839D6F9C-8307-41EE-8E49-DD56BB069902}.Release|Any CPU.ActiveCfg = Release|Any CPU
		{839D6F9C-8307-41EE-8E49-DD56BB069902}.Release|Any CPU.Build.0 = Release|Any CPU
		{C08339E9-EBD8-4679-AE50-BF8DD6CECD4D}.Debug|Any CPU.ActiveCfg = Debug|Any CPU
		{C08339E9-EBD8-4679-AE50-BF8DD6CECD4D}.Debug|Any CPU.Build.0 = Debug|Any CPU
		{C08339E9-EBD8-4679-AE50-BF8DD6CECD4D}.Release|Any CPU.ActiveCfg = Release|Any CPU
		{C08339E9-EBD8-4679-AE50-BF8DD6CECD4D}.Release|Any CPU.Build.0 = Release|Any CPU
		{1C997384-8EBE-4D92-9013-EB85723A4F4A}.Debug|Any CPU.ActiveCfg = Debug|Any CPU
		{1C997384-8EBE-4D92-9013-EB85723A4F4A}.Debug|Any CPU.Build.0 = Debug|Any CPU
		{1C997384-8EBE-4D92-9013-EB85723A4F4A}.Release|Any CPU.ActiveCfg = Release|Any CPU
		{1C997384-8EBE-4D92-9013-EB85723A4F4A}.Release|Any CPU.Build.0 = Release|Any CPU
	EndGlobalSection
	GlobalSection(SolutionProperties) = preSolution
		HideSolutionNode = FALSE
	EndGlobalSection
	GlobalSection(ExtensibilityGlobals) = postSolution
		SolutionGuid = {28CC2315-7009-4EC1-B924-88AF64E4DF78}
	EndGlobalSection
EndGlobal
